
Microsoft Visual Studio Solution File, Format Version 12.00
# Visual Studio Version 16
VisualStudioVersion = 16.0.30011.22
MinimumVisualStudioVersion = 10.0.40219.1
Project("{FAE04EC0-301F-11D3-BF4B-00C04F79EFBC}") = "ConsoleApp", "ConsoleApp.csproj", "{95A7E242-3402-47BB-86F1-10138148EB24}"
EndProject
Project("{FAE04EC0-301F-11D3-BF4B-00C04F79EFBC}") = "ConsoleUnitTestProject", "ConsoleUnitTestProject\ConsoleUnitTestProject.csproj", "{132C6239-AC72-4BD6-A8B5-D6117F4721D0}"
EndProject
Global
	GlobalSection(SolutionConfigurationPlatforms) = preSolution
		Debug|Any CPU = Debug|Any CPU
		Release|Any CPU = Release|Any CPU
	EndGlobalSection
	GlobalSection(ProjectConfigurationPlatforms) = postSolution
		{95A7E242-3402-47BB-86F1-10138148EB24}.Debug|Any CPU.ActiveCfg = Debug|Any CPU
		{95A7E242-3402-47BB-86F1-10138148EB24}.Debug|Any CPU.Build.0 = Debug|Any CPU
		{95A7E242-3402-47BB-86F1-10138148EB24}.Release|Any CPU.ActiveCfg = Release|Any CPU
		{95A7E242-3402-47BB-86F1-10138148EB24}.Release|Any CPU.Build.0 = Release|Any CPU
		{132C6239-AC72-4BD6-A8B5-D6117F4721D0}.Debug|Any CPU.ActiveCfg = Debug|Any CPU
		{132C6239-AC72-4BD6-A8B5-D6117F4721D0}.Debug|Any CPU.Build.0 = Debug|Any CPU
		{132C6239-AC72-4BD6-A8B5-D6117F4721D0}.Release|Any CPU.ActiveCfg = Release|Any CPU
		{132C6239-AC72-4BD6-A8B5-D6117F4721D0}.Release|Any CPU.Build.0 = Release|Any CPU
	EndGlobalSection
	GlobalSection(SolutionProperties) = preSolution
		HideSolutionNode = FALSE
	EndGlobalSection
	GlobalSection(ExtensibilityGlobals) = postSolution
		SolutionGuid = {F9D30B77-9E2E-4F30-8828-3ECA94781307}
	EndGlobalSection
EndGlobal
